// !$*UTF8*$!
{
	archiveVersion = 1;
	classes = {
	};
	objectVersion = 56;
	objects = {

/* Begin PBXBuildFile section */
		E04122552C33F35400C5E4B7 /* SwiftUITutorialsApp.swift in Sources */ = {isa = PBXBuildFile; fileRef = E04122542C33F35400C5E4B7 /* SwiftUITutorialsApp.swift */; };
		E04122572C33F35400C5E4B7 /* ContentView.swift in Sources */ = {isa = PBXBuildFile; fileRef = E04122562C33F35400C5E4B7 /* ContentView.swift */; };
		E04122592C33F35600C5E4B7 /* Assets.xcassets in Resources */ = {isa = PBXBuildFile; fileRef = E04122582C33F35600C5E4B7 /* Assets.xcassets */; };
		E041225C2C33F35600C5E4B7 /* Preview Assets.xcassets in Resources */ = {isa = PBXBuildFile; fileRef = E041225B2C33F35600C5E4B7 /* Preview Assets.xcassets */; };
		E04122642C33F8A600C5E4B7 /* CircleImage.swift in Sources */ = {isa = PBXBuildFile; fileRef = E04122632C33F8A600C5E4B7 /* CircleImage.swift */; };
		E04122662C33F95200C5E4B7 /* MapView.swift in Sources */ = {isa = PBXBuildFile; fileRef = E04122652C33F95100C5E4B7 /* MapView.swift */; };
		E04122682C33FF6800C5E4B7 /* landmarkData.json in Resources */ = {isa = PBXBuildFile; fileRef = E04122672C33FF6800C5E4B7 /* landmarkData.json */; };
		E041226B2C33FFAD00C5E4B7 /* Landmark.swift in Sources */ = {isa = PBXBuildFile; fileRef = E041226A2C33FFAD00C5E4B7 /* Landmark.swift */; };
		E041226D2C34018000C5E4B7 /* ModelData.swift in Sources */ = {isa = PBXBuildFile; fileRef = E041226C2C34018000C5E4B7 /* ModelData.swift */; };
		E04122702C34037100C5E4B7 /* LandmarkRow.swift in Sources */ = {isa = PBXBuildFile; fileRef = E041226F2C34037100C5E4B7 /* LandmarkRow.swift */; };
		E04122722C3404B200C5E4B7 /* LandmarkList.swift in Sources */ = {isa = PBXBuildFile; fileRef = E04122712C3404B200C5E4B7 /* LandmarkList.swift */; };
		E04122742C3405A400C5E4B7 /* LandmarkDetail.swift in Sources */ = {isa = PBXBuildFile; fileRef = E04122732C3405A400C5E4B7 /* LandmarkDetail.swift */; };
		E04F944F2C3E88CA00D3F581 /* HexagonParameters.swift in Sources */ = {isa = PBXBuildFile; fileRef = E04F944E2C3E88CA00D3F581 /* HexagonParameters.swift */; };
		E04F94512C3E898700D3F581 /* BadgeBackground.swift in Sources */ = {isa = PBXBuildFile; fileRef = E04F94502C3E898700D3F581 /* BadgeBackground.swift */; };
		E04F94532C3E8C0500D3F581 /* BadgeSymbol.swift in Sources */ = {isa = PBXBuildFile; fileRef = E04F94522C3E8C0500D3F581 /* BadgeSymbol.swift */; };
		E04F94552C3E8CD500D3F581 /* RotatedBadgeSymbol.swift in Sources */ = {isa = PBXBuildFile; fileRef = E04F94542C3E8CD500D3F581 /* RotatedBadgeSymbol.swift */; };
		E04F94572C3E8D1F00D3F581 /* Badge.swift in Sources */ = {isa = PBXBuildFile; fileRef = E04F94562C3E8D1E00D3F581 /* Badge.swift */; };
		E05B4B292C3E818900018A28 /* FavoriteButton.swift in Sources */ = {isa = PBXBuildFile; fileRef = E05B4B282C3E818900018A28 /* FavoriteButton.swift */; };
		E0B00B5E2C3F894B00C70B6F /* hikeData.json in Resources */ = {isa = PBXBuildFile; fileRef = E0B00B5D2C3F894B00C70B6F /* hikeData.json */; };
		E0B00B602C3F897300C70B6F /* Hike.swift in Sources */ = {isa = PBXBuildFile; fileRef = E0B00B5F2C3F897300C70B6F /* Hike.swift */; };
		E0B00B652C3FB34100C70B6F /* HikeGraph.swift in Sources */ = {isa = PBXBuildFile; fileRef = E0B00B612C3FB34000C70B6F /* HikeGraph.swift */; };
		E0B00B662C3FB34100C70B6F /* HikeDetail.swift in Sources */ = {isa = PBXBuildFile; fileRef = E0B00B622C3FB34100C70B6F /* HikeDetail.swift */; };
		E0B00B672C3FB34100C70B6F /* HikeView.swift in Sources */ = {isa = PBXBuildFile; fileRef = E0B00B632C3FB34100C70B6F /* HikeView.swift */; };
		E0B00B682C3FB34100C70B6F /* GraphCapsule.swift in Sources */ = {isa = PBXBuildFile; fileRef = E0B00B642C3FB34100C70B6F /* GraphCapsule.swift */; };
		E0B00B6C2C3FBC3000C70B6F /* CategoryHome.swift in Sources */ = {isa = PBXBuildFile; fileRef = E0B00B6B2C3FBC3000C70B6F /* CategoryHome.swift */; };
		E0B00B6E2C3FBFF000C70B6F /* CategoryRow.swift in Sources */ = {isa = PBXBuildFile; fileRef = E0B00B6D2C3FBFF000C70B6F /* CategoryRow.swift */; };
		E0B00B702C3FC0E100C70B6F /* CategoryItem.swift in Sources */ = {isa = PBXBuildFile; fileRef = E0B00B6F2C3FC0E100C70B6F /* CategoryItem.swift */; };
		E0B00B722C465EFE00C70B6F /* Profile.swift in Sources */ = {isa = PBXBuildFile; fileRef = E0B00B712C465EFE00C70B6F /* Profile.swift */; };
		E0B00B752C46628600C70B6F /* ProfileHost.swift in Sources */ = {isa = PBXBuildFile; fileRef = E0B00B742C46628600C70B6F /* ProfileHost.swift */; };
		E0B00B772C4662D700C70B6F /* ProfileSummary.swift in Sources */ = {isa = PBXBuildFile; fileRef = E0B00B762C4662D700C70B6F /* ProfileSummary.swift */; };
		E0B00B792C4666EF00C70B6F /* HikeBadge.swift in Sources */ = {isa = PBXBuildFile; fileRef = E0B00B782C4666EF00C70B6F /* HikeBadge.swift */; };
		E0B00B7B2C466A8200C70B6F /* ProfileEditor.swift in Sources */ = {isa = PBXBuildFile; fileRef = E0B00B7A2C466A8200C70B6F /* ProfileEditor.swift */; };
/* End PBXBuildFile section */

/* Begin PBXFileReference section */
		E04122512C33F35400C5E4B7 /* SwiftUITutorials.app */ = {isa = PBXFileReference; explicitFileType = wrapper.application; includeInIndex = 0; path = SwiftUITutorials.app; sourceTree = BUILT_PRODUCTS_DIR; };
		E04122542C33F35400C5E4B7 /* SwiftUITutorialsApp.swift */ = {isa = PBXFileReference; lastKnownFileType = sourcecode.swift; path = SwiftUITutorialsApp.swift; sourceTree = "<group>"; };
		E04122562C33F35400C5E4B7 /* ContentView.swift */ = {isa = PBXFileReference; lastKnownFileType = sourcecode.swift; path = ContentView.swift; sourceTree = "<group>"; };
		E04122582C33F35600C5E4B7 /* Assets.xcassets */ = {isa = PBXFileReference; lastKnownFileType = folder.assetcatalog; path = Assets.xcassets; sourceTree = "<group>"; };
		E041225B2C33F35600C5E4B7 /* Preview Assets.xcassets */ = {isa = PBXFileReference; lastKnownFileType = folder.assetcatalog; path = "Preview Assets.xcassets"; sourceTree = "<group>"; };
		E04122632C33F8A600C5E4B7 /* CircleImage.swift */ = {isa = PBXFileReference; lastKnownFileType = sourcecode.swift; path = CircleImage.swift; sourceTree = "<group>"; };
		E04122652C33F95100C5E4B7 /* MapView.swift */ = {isa = PBXFileReference; lastKnownFileType = sourcecode.swift; path = MapView.swift; sourceTree = "<group>"; };
		E04122672C33FF6800C5E4B7 /* landmarkData.json */ = {isa = PBXFileReference; fileEncoding = 4; lastKnownFileType = text.json; path = landmarkData.json; sourceTree = "<group>"; };
		E041226A2C33FFAD00C5E4B7 /* Landmark.swift */ = {isa = PBXFileReference; lastKnownFileType = sourcecode.swift; path = Landmark.swift; sourceTree = "<group>"; };
		E041226C2C34018000C5E4B7 /* ModelData.swift */ = {isa = PBXFileReference; lastKnownFileType = sourcecode.swift; path = ModelData.swift; sourceTree = "<group>"; };
		E041226F2C34037100C5E4B7 /* LandmarkRow.swift */ = {isa = PBXFileReference; lastKnownFileType = sourcecode.swift; path = LandmarkRow.swift; sourceTree = "<group>"; };
		E04122712C3404B200C5E4B7 /* LandmarkList.swift */ = {isa = PBXFileReference; lastKnownFileType = sourcecode.swift; path = LandmarkList.swift; sourceTree = "<group>"; };
		E04122732C3405A400C5E4B7 /* LandmarkDetail.swift */ = {isa = PBXFileReference; lastKnownFileType = sourcecode.swift; path = LandmarkDetail.swift; sourceTree = "<group>"; };
		E04F944E2C3E88CA00D3F581 /* HexagonParameters.swift */ = {isa = PBXFileReference; lastKnownFileType = sourcecode.swift; path = HexagonParameters.swift; sourceTree = "<group>"; };
		E04F94502C3E898700D3F581 /* BadgeBackground.swift */ = {isa = PBXFileReference; lastKnownFileType = sourcecode.swift; path = BadgeBackground.swift; sourceTree = "<group>"; };
		E04F94522C3E8C0500D3F581 /* BadgeSymbol.swift */ = {isa = PBXFileReference; lastKnownFileType = sourcecode.swift; path = BadgeSymbol.swift; sourceTree = "<group>"; };
		E04F94542C3E8CD500D3F581 /* RotatedBadgeSymbol.swift */ = {isa = PBXFileReference; lastKnownFileType = sourcecode.swift; path = RotatedBadgeSymbol.swift; sourceTree = "<group>"; };
		E04F94562C3E8D1E00D3F581 /* Badge.swift */ = {isa = PBXFileReference; lastKnownFileType = sourcecode.swift; path = Badge.swift; sourceTree = "<group>"; };
		E05B4B282C3E818900018A28 /* FavoriteButton.swift */ = {isa = PBXFileReference; lastKnownFileType = sourcecode.swift; path = FavoriteButton.swift; sourceTree = "<group>"; };
		E0B00B5D2C3F894B00C70B6F /* hikeData.json */ = {isa = PBXFileReference; fileEncoding = 4; lastKnownFileType = text.json; path = hikeData.json; sourceTree = "<group>"; };
		E0B00B5F2C3F897300C70B6F /* Hike.swift */ = {isa = PBXFileReference; lastKnownFileType = sourcecode.swift; path = Hike.swift; sourceTree = "<group>"; };
		E0B00B612C3FB34000C70B6F /* HikeGraph.swift */ = {isa = PBXFileReference; fileEncoding = 4; lastKnownFileType = sourcecode.swift; path = HikeGraph.swift; sourceTree = "<group>"; };
		E0B00B622C3FB34100C70B6F /* HikeDetail.swift */ = {isa = PBXFileReference; fileEncoding = 4; lastKnownFileType = sourcecode.swift; path = HikeDetail.swift; sourceTree = "<group>"; };
		E0B00B632C3FB34100C70B6F /* HikeView.swift */ = {isa = PBXFileReference; fileEncoding = 4; lastKnownFileType = sourcecode.swift; path = HikeView.swift; sourceTree = "<group>"; };
		E0B00B642C3FB34100C70B6F /* GraphCapsule.swift */ = {isa = PBXFileReference; fileEncoding = 4; lastKnownFileType = sourcecode.swift; path = GraphCapsule.swift; sourceTree = "<group>"; };
		E0B00B6B2C3FBC3000C70B6F /* CategoryHome.swift */ = {isa = PBXFileReference; lastKnownFileType = sourcecode.swift; path = CategoryHome.swift; sourceTree = "<group>"; };
		E0B00B6D2C3FBFF000C70B6F /* CategoryRow.swift */ = {isa = PBXFileReference; lastKnownFileType = sourcecode.swift; path = CategoryRow.swift; sourceTree = "<group>"; };
		E0B00B6F2C3FC0E100C70B6F /* CategoryItem.swift */ = {isa = PBXFileReference; lastKnownFileType = sourcecode.swift; path = CategoryItem.swift; sourceTree = "<group>"; };
		E0B00B712C465EFE00C70B6F /* Profile.swift */ = {isa = PBXFileReference; lastKnownFileType = sourcecode.swift; path = Profile.swift; sourceTree = "<group>"; };
		E0B00B742C46628600C70B6F /* ProfileHost.swift */ = {isa = PBXFileReference; lastKnownFileType = sourcecode.swift; path = ProfileHost.swift; sourceTree = "<group>"; };
		E0B00B762C4662D700C70B6F /* ProfileSummary.swift */ = {isa = PBXFileReference; lastKnownFileType = sourcecode.swift; path = ProfileSummary.swift; sourceTree = "<group>"; };
		E0B00B782C4666EF00C70B6F /* HikeBadge.swift */ = {isa = PBXFileReference; lastKnownFileType = sourcecode.swift; path = HikeBadge.swift; sourceTree = "<group>"; };
		E0B00B7A2C466A8200C70B6F /* ProfileEditor.swift */ = {isa = PBXFileReference; lastKnownFileType = sourcecode.swift; path = ProfileEditor.swift; sourceTree = "<group>"; };
/* End PBXFileReference section */

/* Begin PBXFrameworksBuildPhase section */
		E041224E2C33F35400C5E4B7 /* Frameworks */ = {
			isa = PBXFrameworksBuildPhase;
			buildActionMask = 2147483647;
			files = (
			);
			runOnlyForDeploymentPostprocessing = 0;
		};
/* End PBXFrameworksBuildPhase section */

/* Begin PBXGroup section */
		E04122482C33F35400C5E4B7 = {
			isa = PBXGroup;
			children = (
				E04122532C33F35400C5E4B7 /* SwiftUITutorials */,
				E04122522C33F35400C5E4B7 /* Products */,
			);
			sourceTree = "<group>";
		};
		E04122522C33F35400C5E4B7 /* Products */ = {
			isa = PBXGroup;
			children = (
				E04122512C33F35400C5E4B7 /* SwiftUITutorials.app */,
			);
			name = Products;
			sourceTree = "<group>";
		};
		E04122532C33F35400C5E4B7 /* SwiftUITutorials */ = {
			isa = PBXGroup;
			children = (
				E04122542C33F35400C5E4B7 /* SwiftUITutorialsApp.swift */,
				E04122622C33F6C400C5E4B7 /* Views */,
				E04122692C33FF8700C5E4B7 /* Model */,
				E041226E2C3402C000C5E4B7 /* Resources */,
				E04122582C33F35600C5E4B7 /* Assets.xcassets */,
				E041225A2C33F35600C5E4B7 /* Preview Content */,
			);
			path = SwiftUITutorials;
			sourceTree = "<group>";
		};
		E041225A2C33F35600C5E4B7 /* Preview Content */ = {
			isa = PBXGroup;
			children = (
				E041225B2C33F35600C5E4B7 /* Preview Assets.xcassets */,
			);
			path = "Preview Content";
			sourceTree = "<group>";
		};
		E04122622C33F6C400C5E4B7 /* Views */ = {
			isa = PBXGroup;
			children = (
				E04122562C33F35400C5E4B7 /* ContentView.swift */,
				E05B4B2A2C3E826600018A28 /* Landmarks */,
				E04F94582C3E8E1A00D3F581 /* Badges */,
				E0B00B692C3FB41500C70B6F /* Hike */,
				E0B00B6A2C3FBC1F00C70B6F /* Category */,
				E05B4B2B2C3E827A00018A28 /* Helper */,
				E0B00B732C46626F00C70B6F /* Profiles */,
			);
			path = Views;
			sourceTree = "<group>";
		};
		E04122692C33FF8700C5E4B7 /* Model */ = {
			isa = PBXGroup;
			children = (
				E041226A2C33FFAD00C5E4B7 /* Landmark.swift */,
				E041226C2C34018000C5E4B7 /* ModelData.swift */,
				E0B00B5F2C3F897300C70B6F /* Hike.swift */,
				E0B00B712C465EFE00C70B6F /* Profile.swift */,
			);
			path = Model;
			sourceTree = "<group>";
		};
		E041226E2C3402C000C5E4B7 /* Resources */ = {
			isa = PBXGroup;
			children = (
				E04122672C33FF6800C5E4B7 /* landmarkData.json */,
				E0B00B5D2C3F894B00C70B6F /* hikeData.json */,
			);
			path = Resources;
			sourceTree = "<group>";
		};
		E04F94582C3E8E1A00D3F581 /* Badges */ = {
			isa = PBXGroup;
			children = (
				E04F94562C3E8D1E00D3F581 /* Badge.swift */,
				E04F94502C3E898700D3F581 /* BadgeBackground.swift */,
				E04F94522C3E8C0500D3F581 /* BadgeSymbol.swift */,
				E04F94542C3E8CD500D3F581 /* RotatedBadgeSymbol.swift */,
				E04F944E2C3E88CA00D3F581 /* HexagonParameters.swift */,
			);
			path = Badges;
			sourceTree = "<group>";
		};
		E05B4B2A2C3E826600018A28 /* Landmarks */ = {
			isa = PBXGroup;
			children = (
				E04122712C3404B200C5E4B7 /* LandmarkList.swift */,
				E041226F2C34037100C5E4B7 /* LandmarkRow.swift */,
				E04122732C3405A400C5E4B7 /* LandmarkDetail.swift */,
			);
			path = Landmarks;
			sourceTree = "<group>";
		};
		E05B4B2B2C3E827A00018A28 /* Helper */ = {
			isa = PBXGroup;
			children = (
				E04122652C33F95100C5E4B7 /* MapView.swift */,
				E05B4B282C3E818900018A28 /* FavoriteButton.swift */,
				E04122632C33F8A600C5E4B7 /* CircleImage.swift */,
			);
			path = Helper;
			sourceTree = "<group>";
		};
		E0B00B692C3FB41500C70B6F /* Hike */ = {
			isa = PBXGroup;
			children = (
				E0B00B632C3FB34100C70B6F /* HikeView.swift */,
				E0B00B612C3FB34000C70B6F /* HikeGraph.swift */,
				E0B00B622C3FB34100C70B6F /* HikeDetail.swift */,
				E0B00B642C3FB34100C70B6F /* GraphCapsule.swift */,
				E0B00B782C4666EF00C70B6F /* HikeBadge.swift */,
			);
			path = Hike;
			sourceTree = "<group>";
		};
		E0B00B6A2C3FBC1F00C70B6F /* Category */ = {
			isa = PBXGroup;
			children = (
				E0B00B6B2C3FBC3000C70B6F /* CategoryHome.swift */,
				E0B00B6D2C3FBFF000C70B6F /* CategoryRow.swift */,
				E0B00B6F2C3FC0E100C70B6F /* CategoryItem.swift */,
			);
			path = Category;
			sourceTree = "<group>";
		};
		E0B00B732C46626F00C70B6F /* Profiles */ = {
			isa = PBXGroup;
			children = (
				E0B00B742C46628600C70B6F /* ProfileHost.swift */,
				E0B00B762C4662D700C70B6F /* ProfileSummary.swift */,
				E0B00B7A2C466A8200C70B6F /* ProfileEditor.swift */,
			);
			path = Profiles;
			sourceTree = "<group>";
		};
/* End PBXGroup section */

/* Begin PBXNativeTarget section */
		E04122502C33F35400C5E4B7 /* SwiftUITutorials */ = {
			isa = PBXNativeTarget;
			buildConfigurationList = E041225F2C33F35600C5E4B7 /* Build configuration list for PBXNativeTarget "SwiftUITutorials" */;
			buildPhases = (
				E041224D2C33F35400C5E4B7 /* Sources */,
				E041224E2C33F35400C5E4B7 /* Frameworks */,
				E041224F2C33F35400C5E4B7 /* Resources */,
			);
			buildRules = (
			);
			dependencies = (
			);
			name = SwiftUITutorials;
			productName = SwiftUITutorials;
			productReference = E04122512C33F35400C5E4B7 /* SwiftUITutorials.app */;
			productType = "com.apple.product-type.application";
		};
/* End PBXNativeTarget section */

/* Begin PBXProject section */
		E04122492C33F35400C5E4B7 /* Project object */ = {
			isa = PBXProject;
			attributes = {
				BuildIndependentTargetsInParallel = 1;
				LastSwiftUpdateCheck = 1540;
				LastUpgradeCheck = 1540;
				TargetAttributes = {
					E04122502C33F35400C5E4B7 = {
						CreatedOnToolsVersion = 15.4;
					};
				};
			};
			buildConfigurationList = E041224C2C33F35400C5E4B7 /* Build configuration list for PBXProject "SwiftUITutorials" */;
			compatibilityVersion = "Xcode 14.0";
			developmentRegion = en;
			hasScannedForEncodings = 0;
			knownRegions = (
				en,
				Base,
			);
			mainGroup = E04122482C33F35400C5E4B7;
			productRefGroup = E04122522C33F35400C5E4B7 /* Products */;
			projectDirPath = "";
			projectRoot = "";
			targets = (
				E04122502C33F35400C5E4B7 /* SwiftUITutorials */,
			);
		};
/* End PBXProject section */

/* Begin PBXResourcesBuildPhase section */
		E041224F2C33F35400C5E4B7 /* Resources */ = {
			isa = PBXResourcesBuildPhase;
			buildActionMask = 2147483647;
			files = (
				E0B00B5E2C3F894B00C70B6F /* hikeData.json in Resources */,
				E041225C2C33F35600C5E4B7 /* Preview Assets.xcassets in Resources */,
				E04122592C33F35600C5E4B7 /* Assets.xcassets in Resources */,
				E04122682C33FF6800C5E4B7 /* landmarkData.json in Resources */,
			);
			runOnlyForDeploymentPostprocessing = 0;
		};
/* End PBXResourcesBuildPhase section */

/* Begin PBXSourcesBuildPhase section */
		E041224D2C33F35400C5E4B7 /* Sources */ = {
			isa = PBXSourcesBuildPhase;
			buildActionMask = 2147483647;
			files = (
				E0B00B6E2C3FBFF000C70B6F /* CategoryRow.swift in Sources */,
				E0B00B722C465EFE00C70B6F /* Profile.swift in Sources */,
				E0B00B682C3FB34100C70B6F /* GraphCapsule.swift in Sources */,
				E0B00B6C2C3FBC3000C70B6F /* CategoryHome.swift in Sources */,
				E04122572C33F35400C5E4B7 /* ContentView.swift in Sources */,
				E04F94572C3E8D1F00D3F581 /* Badge.swift in Sources */,
				E04122662C33F95200C5E4B7 /* MapView.swift in Sources */,
				E04122552C33F35400C5E4B7 /* SwiftUITutorialsApp.swift in Sources */,
				E0B00B672C3FB34100C70B6F /* HikeView.swift in Sources */,
				E05B4B292C3E818900018A28 /* FavoriteButton.swift in Sources */,
				E0B00B702C3FC0E100C70B6F /* CategoryItem.swift in Sources */,
				E04F944F2C3E88CA00D3F581 /* HexagonParameters.swift in Sources */,
				E0B00B772C4662D700C70B6F /* ProfileSummary.swift in Sources */,
				E0B00B602C3F897300C70B6F /* Hike.swift in Sources */,
				E0B00B752C46628600C70B6F /* ProfileHost.swift in Sources */,
				E04F94552C3E8CD500D3F581 /* RotatedBadgeSymbol.swift in Sources */,
				E04F94532C3E8C0500D3F581 /* BadgeSymbol.swift in Sources */,
				E04122722C3404B200C5E4B7 /* LandmarkList.swift in Sources */,
				E0B00B7B2C466A8200C70B6F /* ProfileEditor.swift in Sources */,
				E04122742C3405A400C5E4B7 /* LandmarkDetail.swift in Sources */,
				E0B00B662C3FB34100C70B6F /* HikeDetail.swift in Sources */,
				E04F94512C3E898700D3F581 /* BadgeBackground.swift in Sources */,
				E04122642C33F8A600C5E4B7 /* CircleImage.swift in Sources */,
				E0B00B792C4666EF00C70B6F /* HikeBadge.swift in Sources */,
				E041226B2C33FFAD00C5E4B7 /* Landmark.swift in Sources */,
				E04122702C34037100C5E4B7 /* LandmarkRow.swift in Sources */,
				E041226D2C34018000C5E4B7 /* ModelData.swift in Sources */,
				E0B00B652C3FB34100C70B6F /* HikeGraph.swift in Sources */,
			);
			runOnlyForDeploymentPostprocessing = 0;
		};
/* End PBXSourcesBuildPhase section */

/* Begin XCBuildConfiguration section */
		E041225D2C33F35600C5E4B7 /* Debug */ = {
			isa = XCBuildConfiguration;
			buildSettings = {
				ALWAYS_SEARCH_USER_PATHS = NO;
				ASSETCATALOG_COMPILER_GENERATE_SWIFT_ASSET_SYMBOL_EXTENSIONS = YES;
				CLANG_ANALYZER_NONNULL = YES;
				CLANG_ANALYZER_NUMBER_OBJECT_CONVERSION = YES_AGGRESSIVE;
				CLANG_CXX_LANGUAGE_STANDARD = "gnu++20";
				CLANG_ENABLE_MODULES = YES;
				CLANG_ENABLE_OBJC_ARC = YES;
				CLANG_ENABLE_OBJC_WEAK = YES;
				CLANG_WARN_BLOCK_CAPTURE_AUTORELEASING = YES;
				CLANG_WARN_BOOL_CONVERSION = YES;
				CLANG_WARN_COMMA = YES;
				CLANG_WARN_CONSTANT_CONVERSION = YES;
				CLANG_WARN_DEPRECATED_OBJC_IMPLEMENTATIONS = YES;
				CLANG_WARN_DIRECT_OBJC_ISA_USAGE = YES_ERROR;
				CLANG_WARN_DOCUMENTATION_COMMENTS = YES;
				CLANG_WARN_EMPTY_BODY = YES;
				CLANG_WARN_ENUM_CONVERSION = YES;
				CLANG_WARN_INFINITE_RECURSION = YES;
				CLANG_WARN_INT_CONVERSION = YES;
				CLANG_WARN_NON_LITERAL_NULL_CONVERSION = YES;
				CLANG_WARN_OBJC_IMPLICIT_RETAIN_SELF = YES;
				CLANG_WARN_OBJC_LITERAL_CONVERSION = YES;
				CLANG_WARN_OBJC_ROOT_CLASS = YES_ERROR;
				CLANG_WARN_QUOTED_INCLUDE_IN_FRAMEWORK_HEADER = YES;
				CLANG_WARN_RANGE_LOOP_ANALYSIS = YES;
				CLANG_WARN_STRICT_PROTOTYPES = YES;
				CLANG_WARN_SUSPICIOUS_MOVE = YES;
				CLANG_WARN_UNGUARDED_AVAILABILITY = YES_AGGRESSIVE;
				CLANG_WARN_UNREACHABLE_CODE = YES;
				CLANG_WARN__DUPLICATE_METHOD_MATCH = YES;
				COPY_PHASE_STRIP = NO;
				DEBUG_INFORMATION_FORMAT = dwarf;
				ENABLE_STRICT_OBJC_MSGSEND = YES;
				ENABLE_TESTABILITY = YES;
				ENABLE_USER_SCRIPT_SANDBOXING = YES;
				GCC_C_LANGUAGE_STANDARD = gnu17;
				GCC_DYNAMIC_NO_PIC = NO;
				GCC_NO_COMMON_BLOCKS = YES;
				GCC_OPTIMIZATION_LEVEL = 0;
				GCC_PREPROCESSOR_DEFINITIONS = (
					"DEBUG=1",
					"$(inherited)",
				);
				GCC_WARN_64_TO_32_BIT_CONVERSION = YES;
				GCC_WARN_ABOUT_RETURN_TYPE = YES_ERROR;
				GCC_WARN_UNDECLARED_SELECTOR = YES;
				GCC_WARN_UNINITIALIZED_AUTOS = YES_AGGRESSIVE;
				GCC_WARN_UNUSED_FUNCTION = YES;
				GCC_WARN_UNUSED_VARIABLE = YES;
				IPHONEOS_DEPLOYMENT_TARGET = 17.5;
				LOCALIZATION_PREFERS_STRING_CATALOGS = YES;
				MTL_ENABLE_DEBUG_INFO = INCLUDE_SOURCE;
				MTL_FAST_MATH = YES;
				ONLY_ACTIVE_ARCH = YES;
				SDKROOT = iphoneos;
				SWIFT_ACTIVE_COMPILATION_CONDITIONS = "DEBUG $(inherited)";
				SWIFT_OPTIMIZATION_LEVEL = "-Onone";
			};
			name = Debug;
		};
		E041225E2C33F35600C5E4B7 /* Release */ = {
			isa = XCBuildConfiguration;
			buildSettings = {
				ALWAYS_SEARCH_USER_PATHS = NO;
				ASSETCATALOG_COMPILER_GENERATE_SWIFT_ASSET_SYMBOL_EXTENSIONS = YES;
				CLANG_ANALYZER_NONNULL = YES;
				CLANG_ANALYZER_NUMBER_OBJECT_CONVERSION = YES_AGGRESSIVE;
				CLANG_CXX_LANGUAGE_STANDARD = "gnu++20";
				CLANG_ENABLE_MODULES = YES;
				CLANG_ENABLE_OBJC_ARC = YES;
				CLANG_ENABLE_OBJC_WEAK = YES;
				CLANG_WARN_BLOCK_CAPTURE_AUTORELEASING = YES;
				CLANG_WARN_BOOL_CONVERSION = YES;
				CLANG_WARN_COMMA = YES;
				CLANG_WARN_CONSTANT_CONVERSION = YES;
				CLANG_WARN_DEPRECATED_OBJC_IMPLEMENTATIONS = YES;
				CLANG_WARN_DIRECT_OBJC_ISA_USAGE = YES_ERROR;
				CLANG_WARN_DOCUMENTATION_COMMENTS = YES;
				CLANG_WARN_EMPTY_BODY = YES;
				CLANG_WARN_ENUM_CONVERSION = YES;
				CLANG_WARN_INFINITE_RECURSION = YES;
				CLANG_WARN_INT_CONVERSION = YES;
				CLANG_WARN_NON_LITERAL_NULL_CONVERSION = YES;
				CLANG_WARN_OBJC_IMPLICIT_RETAIN_SELF = YES;
				CLANG_WARN_OBJC_LITERAL_CONVERSION = YES;
				CLANG_WARN_OBJC_ROOT_CLASS = YES_ERROR;
				CLANG_WARN_QUOTED_INCLUDE_IN_FRAMEWORK_HEADER = YES;
				CLANG_WARN_RANGE_LOOP_ANALYSIS = YES;
				CLANG_WARN_STRICT_PROTOTYPES = YES;
				CLANG_WARN_SUSPICIOUS_MOVE = YES;
				CLANG_WARN_UNGUARDED_AVAILABILITY = YES_AGGRESSIVE;
				CLANG_WARN_UNREACHABLE_CODE = YES;
				CLANG_WARN__DUPLICATE_METHOD_MATCH = YES;
				COPY_PHASE_STRIP = NO;
				DEBUG_INFORMATION_FORMAT = "dwarf-with-dsym";
				ENABLE_NS_ASSERTIONS = NO;
				ENABLE_STRICT_OBJC_MSGSEND = YES;
				ENABLE_USER_SCRIPT_SANDBOXING = YES;
				GCC_C_LANGUAGE_STANDARD = gnu17;
				GCC_NO_COMMON_BLOCKS = YES;
				GCC_WARN_64_TO_32_BIT_CONVERSION = YES;
				GCC_WARN_ABOUT_RETURN_TYPE = YES_ERROR;
				GCC_WARN_UNDECLARED_SELECTOR = YES;
				GCC_WARN_UNINITIALIZED_AUTOS = YES_AGGRESSIVE;
				GCC_WARN_UNUSED_FUNCTION = YES;
				GCC_WARN_UNUSED_VARIABLE = YES;
				IPHONEOS_DEPLOYMENT_TARGET = 17.5;
				LOCALIZATION_PREFERS_STRING_CATALOGS = YES;
				MTL_ENABLE_DEBUG_INFO = NO;
				MTL_FAST_MATH = YES;
				SDKROOT = iphoneos;
				SWIFT_COMPILATION_MODE = wholemodule;
				VALIDATE_PRODUCT = YES;
			};
			name = Release;
		};
		E04122602C33F35600C5E4B7 /* Debug */ = {
			isa = XCBuildConfiguration;
			buildSettings = {
				ASSETCATALOG_COMPILER_APPICON_NAME = AppIcon;
				ASSETCATALOG_COMPILER_GLOBAL_ACCENT_COLOR_NAME = AccentColor;
				CODE_SIGN_STYLE = Automatic;
				CURRENT_PROJECT_VERSION = 1;
				DEVELOPMENT_ASSET_PATHS = "\"SwiftUITutorials/Preview Content\"";
				DEVELOPMENT_TEAM = 945Y4FNT8B;
				ENABLE_PREVIEWS = YES;
				GENERATE_INFOPLIST_FILE = YES;
				INFOPLIST_KEY_UIApplicationSceneManifest_Generation = YES;
				INFOPLIST_KEY_UIApplicationSupportsIndirectInputEvents = YES;
				INFOPLIST_KEY_UILaunchScreen_Generation = YES;
				INFOPLIST_KEY_UISupportedInterfaceOrientations_iPad = "UIInterfaceOrientationPortrait UIInterfaceOrientationPortraitUpsideDown UIInterfaceOrientationLandscapeLeft UIInterfaceOrientationLandscapeRight";
				INFOPLIST_KEY_UISupportedInterfaceOrientations_iPhone = "UIInterfaceOrientationPortrait UIInterfaceOrientationLandscapeLeft UIInterfaceOrientationLandscapeRight";
				LD_RUNPATH_SEARCH_PATHS = (
					"$(inherited)",
					"@executable_path/Frameworks",
				);
				MARKETING_VERSION = 1.0;
				PRODUCT_BUNDLE_IDENTIFIER = com.goldenplanet.SwiftUITutorials;
				PRODUCT_NAME = "$(TARGET_NAME)";
				SWIFT_EMIT_LOC_STRINGS = YES;
				SWIFT_VERSION = 5.0;
				TARGETED_DEVICE_FAMILY = "1,2";
			};
			name = Debug;
		};
		E04122612C33F35600C5E4B7 /* Release */ = {
			isa = XCBuildConfiguration;
			buildSettings = {
				ASSETCATALOG_COMPILER_APPICON_NAME = AppIcon;
				ASSETCATALOG_COMPILER_GLOBAL_ACCENT_COLOR_NAME = AccentColor;
				CODE_SIGN_STYLE = Automatic;
				CURRENT_PROJECT_VERSION = 1;
				DEVELOPMENT_ASSET_PATHS = "\"SwiftUITutorials/Preview Content\"";
				DEVELOPMENT_TEAM = 945Y4FNT8B;
				ENABLE_PREVIEWS = YES;
				GENERATE_INFOPLIST_FILE = YES;
				INFOPLIST_KEY_UIApplicationSceneManifest_Generation = YES;
				INFOPLIST_KEY_UIApplicationSupportsIndirectInputEvents = YES;
				INFOPLIST_KEY_UILaunchScreen_Generation = YES;
				INFOPLIST_KEY_UISupportedInterfaceOrientations_iPad = "UIInterfaceOrientationPortrait UIInterfaceOrientationPortraitUpsideDown UIInterfaceOrientationLandscapeLeft UIInterfaceOrientationLandscapeRight";
				INFOPLIST_KEY_UISupportedInterfaceOrientations_iPhone = "UIInterfaceOrientationPortrait UIInterfaceOrientationLandscapeLeft UIInterfaceOrientationLandscapeRight";
				LD_RUNPATH_SEARCH_PATHS = (
					"$(inherited)",
					"@executable_path/Frameworks",
				);
				MARKETING_VERSION = 1.0;
				PRODUCT_BUNDLE_IDENTIFIER = com.goldenplanet.SwiftUITutorials;
				PRODUCT_NAME = "$(TARGET_NAME)";
				SWIFT_EMIT_LOC_STRINGS = YES;
				SWIFT_VERSION = 5.0;
				TARGETED_DEVICE_FAMILY = "1,2";
			};
			name = Release;
		};
/* End XCBuildConfiguration section */

/* Begin XCConfigurationList section */
		E041224C2C33F35400C5E4B7 /* Build configuration list for PBXProject "SwiftUITutorials" */ = {
			isa = XCConfigurationList;
			buildConfigurations = (
				E041225D2C33F35600C5E4B7 /* Debug */,
				E041225E2C33F35600C5E4B7 /* Release */,
			);
			defaultConfigurationIsVisible = 0;
			defaultConfigurationName = Release;
		};
		E041225F2C33F35600C5E4B7 /* Build configuration list for PBXNativeTarget "SwiftUITutorials" */ = {
			isa = XCConfigurationList;
			buildConfigurations = (
				E04122602C33F35600C5E4B7 /* Debug */,
				E04122612C33F35600C5E4B7 /* Release */,
			);
			defaultConfigurationIsVisible = 0;
			defaultConfigurationName = Release;
		};
/* End XCConfigurationList section */
	};
	rootObject = E04122492C33F35400C5E4B7 /* Project object */;
}
